# THIS IS AN AUTOGENERATED FILE. DO NOT EDIT THIS FILE DIRECTLY.
# yarn lockfile v1


safe-require@1.0.4:
  version "1.0.4"
  resolved "https://registry.yarnpkg.com/safe-require/-/safe-require-1.0.4.tgz#c72e1fb2820e31080e5f26fdde252a1cbffe08ad"
  integrity sha512-1elAbSH1u7HVMfbuqktLWAN0wMOeT+FnJVqMhBgEJLvL95m+KT433tiJdGMV1e3TstQXRt1YrKQDRBu0Kpk4WA==
